
Microsoft Visual Studio Solution File, Format Version 12.00
# Visual Studio Version 17
VisualStudioVersion = 17.0.31903.59
MinimumVisualStudioVersion = 10.0.40219.1
Project("{2150E333-8FDC-42A3-9474-1A3956D46DE8}") = "src", "src", "{9BD25E99-A715-4584-A48D-123073786D92}"
EndProject
Project("{FAE04EC0-301F-11D3-BF4B-00C04F79EFBC}") = "Day.01", "src\Day.01\Day.01.csproj", "{2EAF3B03-7E6E-4824-8B3F-D65737621F06}"
EndProject
Project("{FAE04EC0-301F-11D3-BF4B-00C04F79EFBC}") = "Day.02", "src\Day.02\Day.02.csproj", "{567B2C88-B7B8-4D3C-A1A7-8B70B2CF2477}"
EndProject
Project("{FAE04EC0-301F-11D3-BF4B-00C04F79EFBC}") = "Day.03", "src\Day.03\Day.03.csproj", "{42FA31B2-C0C4-42B1-9E1C-AF8AD2AB36F4}"
EndProject
Project("{FAE04EC0-301F-11D3-BF4B-00C04F79EFBC}") = "Tests", "src\Tests\Tests.csproj", "{6B77FCD5-29A3-4C53-B0E8-32A54F1F46CD}"
EndProject
Project("{FAE04EC0-301F-11D3-BF4B-00C04F79EFBC}") = "Day.04", "src\Day.04\Day.04.csproj", "{B7F0C627-DED6-4745-8E59-1D6387112689}"
EndProject
Project("{FAE04EC0-301F-11D3-BF4B-00C04F79EFBC}") = "Day.05", "src\Day.05\Day.05.csproj", "{218ACBBB-1273-4D15-B03E-469017519F40}"
EndProject
Project("{FAE04EC0-301F-11D3-BF4B-00C04F79EFBC}") = "Day.06", "src\Day.06\Day.06.csproj", "{BF65D4E7-460C-4117-8DDE-282C9541E32F}"
EndProject
Project("{FAE04EC0-301F-11D3-BF4B-00C04F79EFBC}") = "Day.08", "src\Day.08\Day.08.csproj", "{62D8962A-A84E-4C10-8C09-59AB53321C0C}"
EndProject
Global
	GlobalSection(SolutionConfigurationPlatforms) = preSolution
		Debug|Any CPU = Debug|Any CPU
		Release|Any CPU = Release|Any CPU
	EndGlobalSection
	GlobalSection(SolutionProperties) = preSolution
		HideSolutionNode = FALSE
	EndGlobalSection
	GlobalSection(ProjectConfigurationPlatforms) = postSolution
		{2EAF3B03-7E6E-4824-8B3F-D65737621F06}.Debug|Any CPU.ActiveCfg = Debug|Any CPU
		{2EAF3B03-7E6E-4824-8B3F-D65737621F06}.Debug|Any CPU.Build.0 = Debug|Any CPU
		{2EAF3B03-7E6E-4824-8B3F-D65737621F06}.Release|Any CPU.ActiveCfg = Release|Any CPU
		{2EAF3B03-7E6E-4824-8B3F-D65737621F06}.Release|Any CPU.Build.0 = Release|Any CPU
		{567B2C88-B7B8-4D3C-A1A7-8B70B2CF2477}.Debug|Any CPU.ActiveCfg = Debug|Any CPU
		{567B2C88-B7B8-4D3C-A1A7-8B70B2CF2477}.Debug|Any CPU.Build.0 = Debug|Any CPU
		{567B2C88-B7B8-4D3C-A1A7-8B70B2CF2477}.Release|Any CPU.ActiveCfg = Release|Any CPU
		{567B2C88-B7B8-4D3C-A1A7-8B70B2CF2477}.Release|Any CPU.Build.0 = Release|Any CPU
		{42FA31B2-C0C4-42B1-9E1C-AF8AD2AB36F4}.Debug|Any CPU.ActiveCfg = Debug|Any CPU
		{42FA31B2-C0C4-42B1-9E1C-AF8AD2AB36F4}.Debug|Any CPU.Build.0 = Debug|Any CPU
		{42FA31B2-C0C4-42B1-9E1C-AF8AD2AB36F4}.Release|Any CPU.ActiveCfg = Release|Any CPU
		{42FA31B2-C0C4-42B1-9E1C-AF8AD2AB36F4}.Release|Any CPU.Build.0 = Release|Any CPU
		{6B77FCD5-29A3-4C53-B0E8-32A54F1F46CD}.Debug|Any CPU.ActiveCfg = Debug|Any CPU
		{6B77FCD5-29A3-4C53-B0E8-32A54F1F46CD}.Debug|Any CPU.Build.0 = Debug|Any CPU
		{6B77FCD5-29A3-4C53-B0E8-32A54F1F46CD}.Release|Any CPU.ActiveCfg = Release|Any CPU
		{6B77FCD5-29A3-4C53-B0E8-32A54F1F46CD}.Release|Any CPU.Build.0 = Release|Any CPU
		{B7F0C627-DED6-4745-8E59-1D6387112689}.Debug|Any CPU.ActiveCfg = Debug|Any CPU
		{B7F0C627-DED6-4745-8E59-1D6387112689}.Debug|Any CPU.Build.0 = Debug|Any CPU
		{B7F0C627-DED6-4745-8E59-1D6387112689}.Release|Any CPU.ActiveCfg = Release|Any CPU
		{B7F0C627-DED6-4745-8E59-1D6387112689}.Release|Any CPU.Build.0 = Release|Any CPU
		{218ACBBB-1273-4D15-B03E-469017519F40}.Debug|Any CPU.ActiveCfg = Debug|Any CPU
		{218ACBBB-1273-4D15-B03E-469017519F40}.Debug|Any CPU.Build.0 = Debug|Any CPU
		{218ACBBB-1273-4D15-B03E-469017519F40}.Release|Any CPU.ActiveCfg = Release|Any CPU
		{218ACBBB-1273-4D15-B03E-469017519F40}.Release|Any CPU.Build.0 = Release|Any CPU
		{BF65D4E7-460C-4117-8DDE-282C9541E32F}.Debug|Any CPU.ActiveCfg = Debug|Any CPU
		{BF65D4E7-460C-4117-8DDE-282C9541E32F}.Debug|Any CPU.Build.0 = Debug|Any CPU
		{BF65D4E7-460C-4117-8DDE-282C9541E32F}.Release|Any CPU.ActiveCfg = Release|Any CPU
		{BF65D4E7-460C-4117-8DDE-282C9541E32F}.Release|Any CPU.Build.0 = Release|Any CPU
		{62D8962A-A84E-4C10-8C09-59AB53321C0C}.Debug|Any CPU.ActiveCfg = Debug|Any CPU
		{62D8962A-A84E-4C10-8C09-59AB53321C0C}.Debug|Any CPU.Build.0 = Debug|Any CPU
		{62D8962A-A84E-4C10-8C09-59AB53321C0C}.Release|Any CPU.ActiveCfg = Release|Any CPU
		{62D8962A-A84E-4C10-8C09-59AB53321C0C}.Release|Any CPU.Build.0 = Release|Any CPU
	EndGlobalSection
	GlobalSection(NestedProjects) = preSolution
		{2EAF3B03-7E6E-4824-8B3F-D65737621F06} = {9BD25E99-A715-4584-A48D-123073786D92}
		{567B2C88-B7B8-4D3C-A1A7-8B70B2CF2477} = {9BD25E99-A715-4584-A48D-123073786D92}
		{42FA31B2-C0C4-42B1-9E1C-AF8AD2AB36F4} = {9BD25E99-A715-4584-A48D-123073786D92}
		{6B77FCD5-29A3-4C53-B0E8-32A54F1F46CD} = {9BD25E99-A715-4584-A48D-123073786D92}
		{B7F0C627-DED6-4745-8E59-1D6387112689} = {9BD25E99-A715-4584-A48D-123073786D92}
		{218ACBBB-1273-4D15-B03E-469017519F40} = {9BD25E99-A715-4584-A48D-123073786D92}
		{BF65D4E7-460C-4117-8DDE-282C9541E32F} = {9BD25E99-A715-4584-A48D-123073786D92}
		{62D8962A-A84E-4C10-8C09-59AB53321C0C} = {9BD25E99-A715-4584-A48D-123073786D92}
	EndGlobalSection
EndGlobal
