
Microsoft Visual Studio Solution File, Format Version 12.00
# Visual Studio Version 17
VisualStudioVersion = 17.0.31903.59
MinimumVisualStudioVersion = 10.0.40219.1
Project("{2150E333-8FDC-42A3-9474-1A3956D46DE8}") = "src", "src", "{9BD25E99-A715-4584-A48D-123073786D92}"
EndProject
Project("{FAE04EC0-301F-11D3-BF4B-00C04F79EFBC}") = "Day.01", "src\Day.01\Day.01.csproj", "{2EAF3B03-7E6E-4824-8B3F-D65737621F06}"
EndProject
Project("{2150E333-8FDC-42A3-9474-1A3956D46DE8}") = "tests", "tests", "{27375045-1104-4A5F-A2E0-491C35B3165A}"
EndProject
Project("{FAE04EC0-301F-11D3-BF4B-00C04F79EFBC}") = "NumeralExtractionTests", "src\tests\NumeralExtractionTests\NumeralExtractionTests.csproj", "{2CCE7F67-8C82-437B-BC4B-B86A8642C79C}"
EndProject
Global
	GlobalSection(SolutionConfigurationPlatforms) = preSolution
		Debug|Any CPU = Debug|Any CPU
		Release|Any CPU = Release|Any CPU
	EndGlobalSection
	GlobalSection(SolutionProperties) = preSolution
		HideSolutionNode = FALSE
	EndGlobalSection
	GlobalSection(ProjectConfigurationPlatforms) = postSolution
		{2EAF3B03-7E6E-4824-8B3F-D65737621F06}.Debug|Any CPU.ActiveCfg = Debug|Any CPU
		{2EAF3B03-7E6E-4824-8B3F-D65737621F06}.Debug|Any CPU.Build.0 = Debug|Any CPU
		{2EAF3B03-7E6E-4824-8B3F-D65737621F06}.Release|Any CPU.ActiveCfg = Release|Any CPU
		{2EAF3B03-7E6E-4824-8B3F-D65737621F06}.Release|Any CPU.Build.0 = Release|Any CPU
		{2CCE7F67-8C82-437B-BC4B-B86A8642C79C}.Debug|Any CPU.ActiveCfg = Debug|Any CPU
		{2CCE7F67-8C82-437B-BC4B-B86A8642C79C}.Debug|Any CPU.Build.0 = Debug|Any CPU
		{2CCE7F67-8C82-437B-BC4B-B86A8642C79C}.Release|Any CPU.ActiveCfg = Release|Any CPU
		{2CCE7F67-8C82-437B-BC4B-B86A8642C79C}.Release|Any CPU.Build.0 = Release|Any CPU
	EndGlobalSection
	GlobalSection(NestedProjects) = preSolution
		{2EAF3B03-7E6E-4824-8B3F-D65737621F06} = {9BD25E99-A715-4584-A48D-123073786D92}
		{27375045-1104-4A5F-A2E0-491C35B3165A} = {9BD25E99-A715-4584-A48D-123073786D92}
		{2CCE7F67-8C82-437B-BC4B-B86A8642C79C} = {27375045-1104-4A5F-A2E0-491C35B3165A}
	EndGlobalSection
EndGlobal
